// !$*UTF8*$!
{
	archiveVersion = 1;
	classes = {
	};
	objectVersion = 56;
	objects = {

/* Begin PBXBuildFile section */
		3B96F4312A89518200486E91 /* MovieBookSwiftUIApp.swift in Sources */ = {isa = PBXBuildFile; fileRef = 3B96F4302A89518200486E91 /* MovieBookSwiftUIApp.swift */; };
		3B96F4332A89518200486E91 /* MovieListView.swift in Sources */ = {isa = PBXBuildFile; fileRef = 3B96F4322A89518200486E91 /* MovieListView.swift */; };
		3B96F4352A89518400486E91 /* Assets.xcassets in Resources */ = {isa = PBXBuildFile; fileRef = 3B96F4342A89518400486E91 /* Assets.xcassets */; };
		3B96F4382A89518400486E91 /* Preview Assets.xcassets in Resources */ = {isa = PBXBuildFile; fileRef = 3B96F4372A89518400486E91 /* Preview Assets.xcassets */; };
		3B96F4432A8952A700486E91 /* MovieModel.swift in Sources */ = {isa = PBXBuildFile; fileRef = 3B96F4422A8952A700486E91 /* MovieModel.swift */; };
		3B96F4462A89569300486E91 /* DownloaderClient.swift in Sources */ = {isa = PBXBuildFile; fileRef = 3B96F4452A89569300486E91 /* DownloaderClient.swift */; };
		3B96F4482A897F1B00486E91 /* MovieListViewModel.swift in Sources */ = {isa = PBXBuildFile; fileRef = 3B96F4472A897F1B00486E91 /* MovieListViewModel.swift */; };
		3B96F44A2A8A772E00486E91 /* MovieViewModel.swift in Sources */ = {isa = PBXBuildFile; fileRef = 3B96F4492A8A772E00486E91 /* MovieViewModel.swift */; };
		3B96F44C2A8ADCAD00486E91 /* ImageDownloaderClient.swift in Sources */ = {isa = PBXBuildFile; fileRef = 3B96F44B2A8ADCAD00486E91 /* ImageDownloaderClient.swift */; };
		3B96F4502A8AE00900486E91 /* ImageComponent.swift in Sources */ = {isa = PBXBuildFile; fileRef = 3B96F44F2A8AE00900486E91 /* ImageComponent.swift */; };
		3B96F4522A8BB59C00486E91 /* MovieDetailsModel.swift in Sources */ = {isa = PBXBuildFile; fileRef = 3B96F4512A8BB59C00486E91 /* MovieDetailsModel.swift */; };
		3B96F4542A8BB9D500486E91 /* MovieDetailsViewModel.swift in Sources */ = {isa = PBXBuildFile; fileRef = 3B96F4532A8BB9D500486E91 /* MovieDetailsViewModel.swift */; };
		3B96F4592A8BBC5A00486E91 /* DetailsView.swift in Sources */ = {isa = PBXBuildFile; fileRef = 3B96F4582A8BBC5A00486E91 /* DetailsView.swift */; };
/* End PBXBuildFile section */

/* Begin PBXFileReference section */
		3B96F42D2A89518200486E91 /* MovieBookSwiftUI.app */ = {isa = PBXFileReference; explicitFileType = wrapper.application; includeInIndex = 0; path = MovieBookSwiftUI.app; sourceTree = BUILT_PRODUCTS_DIR; };
		3B96F4302A89518200486E91 /* MovieBookSwiftUIApp.swift */ = {isa = PBXFileReference; lastKnownFileType = sourcecode.swift; path = MovieBookSwiftUIApp.swift; sourceTree = "<group>"; };
		3B96F4322A89518200486E91 /* MovieListView.swift */ = {isa = PBXFileReference; lastKnownFileType = sourcecode.swift; path = MovieListView.swift; sourceTree = "<group>"; };
		3B96F4342A89518400486E91 /* Assets.xcassets */ = {isa = PBXFileReference; lastKnownFileType = folder.assetcatalog; path = Assets.xcassets; sourceTree = "<group>"; };
		3B96F4372A89518400486E91 /* Preview Assets.xcassets */ = {isa = PBXFileReference; lastKnownFileType = folder.assetcatalog; path = "Preview Assets.xcassets"; sourceTree = "<group>"; };
		3B96F4422A8952A700486E91 /* MovieModel.swift */ = {isa = PBXFileReference; lastKnownFileType = sourcecode.swift; path = MovieModel.swift; sourceTree = "<group>"; };
		3B96F4452A89569300486E91 /* DownloaderClient.swift */ = {isa = PBXFileReference; lastKnownFileType = sourcecode.swift; path = DownloaderClient.swift; sourceTree = "<group>"; };
		3B96F4472A897F1B00486E91 /* MovieListViewModel.swift */ = {isa = PBXFileReference; lastKnownFileType = sourcecode.swift; path = MovieListViewModel.swift; sourceTree = "<group>"; };
		3B96F4492A8A772E00486E91 /* MovieViewModel.swift */ = {isa = PBXFileReference; lastKnownFileType = sourcecode.swift; path = MovieViewModel.swift; sourceTree = "<group>"; };
		3B96F44B2A8ADCAD00486E91 /* ImageDownloaderClient.swift */ = {isa = PBXFileReference; lastKnownFileType = sourcecode.swift; path = ImageDownloaderClient.swift; sourceTree = "<group>"; };
		3B96F44F2A8AE00900486E91 /* ImageComponent.swift */ = {isa = PBXFileReference; lastKnownFileType = sourcecode.swift; path = ImageComponent.swift; sourceTree = "<group>"; };
		3B96F4512A8BB59C00486E91 /* MovieDetailsModel.swift */ = {isa = PBXFileReference; lastKnownFileType = sourcecode.swift; path = MovieDetailsModel.swift; sourceTree = "<group>"; };
		3B96F4532A8BB9D500486E91 /* MovieDetailsViewModel.swift */ = {isa = PBXFileReference; lastKnownFileType = sourcecode.swift; path = MovieDetailsViewModel.swift; sourceTree = "<group>"; };
		3B96F4582A8BBC5A00486E91 /* DetailsView.swift */ = {isa = PBXFileReference; lastKnownFileType = sourcecode.swift; path = DetailsView.swift; sourceTree = "<group>"; };
/* End PBXFileReference section */

/* Begin PBXFrameworksBuildPhase section */
		3B96F42A2A89518200486E91 /* Frameworks */ = {
			isa = PBXFrameworksBuildPhase;
			buildActionMask = 2147483647;
			files = (
			);
			runOnlyForDeploymentPostprocessing = 0;
		};
/* End PBXFrameworksBuildPhase section */

/* Begin PBXGroup section */
		3B96F4242A89518200486E91 = {
			isa = PBXGroup;
			children = (
				3B96F42F2A89518200486E91 /* MovieBookSwiftUI */,
				3B96F42E2A89518200486E91 /* Products */,
			);
			sourceTree = "<group>";
		};
		3B96F42E2A89518200486E91 /* Products */ = {
			isa = PBXGroup;
			children = (
				3B96F42D2A89518200486E91 /* MovieBookSwiftUI.app */,
			);
			name = Products;
			sourceTree = "<group>";
		};
		3B96F42F2A89518200486E91 /* MovieBookSwiftUI */ = {
			isa = PBXGroup;
			children = (
				3B96F4442A89568600486E91 /* Service */,
				3B96F4412A89525100486E91 /* App */,
				3B96F4402A89522600486E91 /* View */,
				3B96F43F2A89521A00486E91 /* ViewModel */,
				3B96F43E2A89520900486E91 /* Model */,
				3B96F4342A89518400486E91 /* Assets.xcassets */,
				3B96F4362A89518400486E91 /* Preview Content */,
			);
			path = MovieBookSwiftUI;
			sourceTree = "<group>";
		};
		3B96F4362A89518400486E91 /* Preview Content */ = {
			isa = PBXGroup;
			children = (
				3B96F4372A89518400486E91 /* Preview Assets.xcassets */,
			);
			path = "Preview Content";
			sourceTree = "<group>";
		};
		3B96F43E2A89520900486E91 /* Model */ = {
			isa = PBXGroup;
			children = (
				3B96F4422A8952A700486E91 /* MovieModel.swift */,
				3B96F4512A8BB59C00486E91 /* MovieDetailsModel.swift */,
			);
			path = Model;
			sourceTree = "<group>";
		};
		3B96F43F2A89521A00486E91 /* ViewModel */ = {
			isa = PBXGroup;
			children = (
				3B96F4472A897F1B00486E91 /* MovieListViewModel.swift */,
				3B96F4492A8A772E00486E91 /* MovieViewModel.swift */,
				3B96F4532A8BB9D500486E91 /* MovieDetailsViewModel.swift */,
			);
			path = ViewModel;
			sourceTree = "<group>";
		};
		3B96F4402A89522600486E91 /* View */ = {
			isa = PBXGroup;
			children = (
				3B96F4322A89518200486E91 /* MovieListView.swift */,
				3B96F44F2A8AE00900486E91 /* ImageComponent.swift */,
				3B96F4582A8BBC5A00486E91 /* DetailsView.swift */,
			);
			path = View;
			sourceTree = "<group>";
		};
		3B96F4412A89525100486E91 /* App */ = {
			isa = PBXGroup;
			children = (
				3B96F4302A89518200486E91 /* MovieBookSwiftUIApp.swift */,
			);
			path = App;
			sourceTree = "<group>";
		};
		3B96F4442A89568600486E91 /* Service */ = {
			isa = PBXGroup;
			children = (
				3B96F4452A89569300486E91 /* DownloaderClient.swift */,
				3B96F44B2A8ADCAD00486E91 /* ImageDownloaderClient.swift */,
			);
			path = Service;
			sourceTree = "<group>";
		};
/* End PBXGroup section */

/* Begin PBXNativeTarget section */
		3B96F42C2A89518200486E91 /* MovieBookSwiftUI */ = {
			isa = PBXNativeTarget;
			buildConfigurationList = 3B96F43B2A89518400486E91 /* Build configuration list for PBXNativeTarget "MovieBookSwiftUI" */;
			buildPhases = (
				3B96F4292A89518200486E91 /* Sources */,
				3B96F42A2A89518200486E91 /* Frameworks */,
				3B96F42B2A89518200486E91 /* Resources */,
			);
			buildRules = (
			);
			dependencies = (
			);
			name = MovieBookSwiftUI;
			productName = MovieBookSwiftUI;
			productReference = 3B96F42D2A89518200486E91 /* MovieBookSwiftUI.app */;
			productType = "com.apple.product-type.application";
		};
/* End PBXNativeTarget section */

/* Begin PBXProject section */
		3B96F4252A89518200486E91 /* Project object */ = {
			isa = PBXProject;
			attributes = {
				BuildIndependentTargetsInParallel = 1;
				LastSwiftUpdateCheck = 1430;
				LastUpgradeCheck = 1430;
				TargetAttributes = {
					3B96F42C2A89518200486E91 = {
						CreatedOnToolsVersion = 14.3;
					};
				};
			};
			buildConfigurationList = 3B96F4282A89518200486E91 /* Build configuration list for PBXProject "MovieBookSwiftUI" */;
			compatibilityVersion = "Xcode 14.0";
			developmentRegion = en;
			hasScannedForEncodings = 0;
			knownRegions = (
				en,
				Base,
			);
			mainGroup = 3B96F4242A89518200486E91;
			productRefGroup = 3B96F42E2A89518200486E91 /* Products */;
			projectDirPath = "";
			projectRoot = "";
			targets = (
				3B96F42C2A89518200486E91 /* MovieBookSwiftUI */,
			);
		};
/* End PBXProject section */

/* Begin PBXResourcesBuildPhase section */
		3B96F42B2A89518200486E91 /* Resources */ = {
			isa = PBXResourcesBuildPhase;
			buildActionMask = 2147483647;
			files = (
				3B96F4382A89518400486E91 /* Preview Assets.xcassets in Resources */,
				3B96F4352A89518400486E91 /* Assets.xcassets in Resources */,
			);
			runOnlyForDeploymentPostprocessing = 0;
		};
/* End PBXResourcesBuildPhase section */

/* Begin PBXSourcesBuildPhase section */
		3B96F4292A89518200486E91 /* Sources */ = {
			isa = PBXSourcesBuildPhase;
			buildActionMask = 2147483647;
			files = (
				3B96F4542A8BB9D500486E91 /* MovieDetailsViewModel.swift in Sources */,
				3B96F4432A8952A700486E91 /* MovieModel.swift in Sources */,
				3B96F4332A89518200486E91 /* MovieListView.swift in Sources */,
				3B96F4312A89518200486E91 /* MovieBookSwiftUIApp.swift in Sources */,
				3B96F44C2A8ADCAD00486E91 /* ImageDownloaderClient.swift in Sources */,
				3B96F4462A89569300486E91 /* DownloaderClient.swift in Sources */,
				3B96F4592A8BBC5A00486E91 /* DetailsView.swift in Sources */,
				3B96F4502A8AE00900486E91 /* ImageComponent.swift in Sources */,
				3B96F4522A8BB59C00486E91 /* MovieDetailsModel.swift in Sources */,
				3B96F4482A897F1B00486E91 /* MovieListViewModel.swift in Sources */,
				3B96F44A2A8A772E00486E91 /* MovieViewModel.swift in Sources */,
			);
			runOnlyForDeploymentPostprocessing = 0;
		};
/* End PBXSourcesBuildPhase section */

/* Begin XCBuildConfiguration section */
		3B96F4392A89518400486E91 /* Debug */ = {
			isa = XCBuildConfiguration;
			buildSettings = {
				ALWAYS_SEARCH_USER_PATHS = NO;
				CLANG_ANALYZER_NONNULL = YES;
				CLANG_ANALYZER_NUMBER_OBJECT_CONVERSION = YES_AGGRESSIVE;
				CLANG_CXX_LANGUAGE_STANDARD = "gnu++20";
				CLANG_ENABLE_MODULES = YES;
				CLANG_ENABLE_OBJC_ARC = YES;
				CLANG_ENABLE_OBJC_WEAK = YES;
				CLANG_WARN_BLOCK_CAPTURE_AUTORELEASING = YES;
				CLANG_WARN_BOOL_CONVERSION = YES;
				CLANG_WARN_COMMA = YES;
				CLANG_WARN_CONSTANT_CONVERSION = YES;
				CLANG_WARN_DEPRECATED_OBJC_IMPLEMENTATIONS = YES;
				CLANG_WARN_DIRECT_OBJC_ISA_USAGE = YES_ERROR;
				CLANG_WARN_DOCUMENTATION_COMMENTS = YES;
				CLANG_WARN_EMPTY_BODY = YES;
				CLANG_WARN_ENUM_CONVERSION = YES;
				CLANG_WARN_INFINITE_RECURSION = YES;
				CLANG_WARN_INT_CONVERSION = YES;
				CLANG_WARN_NON_LITERAL_NULL_CONVERSION = YES;
				CLANG_WARN_OBJC_IMPLICIT_RETAIN_SELF = YES;
				CLANG_WARN_OBJC_LITERAL_CONVERSION = YES;
				CLANG_WARN_OBJC_ROOT_CLASS = YES_ERROR;
				CLANG_WARN_QUOTED_INCLUDE_IN_FRAMEWORK_HEADER = YES;
				CLANG_WARN_RANGE_LOOP_ANALYSIS = YES;
				CLANG_WARN_STRICT_PROTOTYPES = YES;
				CLANG_WARN_SUSPICIOUS_MOVE = YES;
				CLANG_WARN_UNGUARDED_AVAILABILITY = YES_AGGRESSIVE;
				CLANG_WARN_UNREACHABLE_CODE = YES;
				CLANG_WARN__DUPLICATE_METHOD_MATCH = YES;
				COPY_PHASE_STRIP = NO;
				DEBUG_INFORMATION_FORMAT = dwarf;
				ENABLE_STRICT_OBJC_MSGSEND = YES;
				ENABLE_TESTABILITY = YES;
				GCC_C_LANGUAGE_STANDARD = gnu11;
				GCC_DYNAMIC_NO_PIC = NO;
				GCC_NO_COMMON_BLOCKS = YES;
				GCC_OPTIMIZATION_LEVEL = 0;
				GCC_PREPROCESSOR_DEFINITIONS = (
					"DEBUG=1",
					"$(inherited)",
				);
				GCC_WARN_64_TO_32_BIT_CONVERSION = YES;
				GCC_WARN_ABOUT_RETURN_TYPE = YES_ERROR;
				GCC_WARN_UNDECLARED_SELECTOR = YES;
				GCC_WARN_UNINITIALIZED_AUTOS = YES_AGGRESSIVE;
				GCC_WARN_UNUSED_FUNCTION = YES;
				GCC_WARN_UNUSED_VARIABLE = YES;
				IPHONEOS_DEPLOYMENT_TARGET = 16.4;
				MTL_ENABLE_DEBUG_INFO = INCLUDE_SOURCE;
				MTL_FAST_MATH = YES;
				ONLY_ACTIVE_ARCH = YES;
				SDKROOT = iphoneos;
				SWIFT_ACTIVE_COMPILATION_CONDITIONS = DEBUG;
				SWIFT_OPTIMIZATION_LEVEL = "-Onone";
			};
			name = Debug;
		};
		3B96F43A2A89518400486E91 /* Release */ = {
			isa = XCBuildConfiguration;
			buildSettings = {
				ALWAYS_SEARCH_USER_PATHS = NO;
				CLANG_ANALYZER_NONNULL = YES;
				CLANG_ANALYZER_NUMBER_OBJECT_CONVERSION = YES_AGGRESSIVE;
				CLANG_CXX_LANGUAGE_STANDARD = "gnu++20";
				CLANG_ENABLE_MODULES = YES;
				CLANG_ENABLE_OBJC_ARC = YES;
				CLANG_ENABLE_OBJC_WEAK = YES;
				CLANG_WARN_BLOCK_CAPTURE_AUTORELEASING = YES;
				CLANG_WARN_BOOL_CONVERSION = YES;
				CLANG_WARN_COMMA = YES;
				CLANG_WARN_CONSTANT_CONVERSION = YES;
				CLANG_WARN_DEPRECATED_OBJC_IMPLEMENTATIONS = YES;
				CLANG_WARN_DIRECT_OBJC_ISA_USAGE = YES_ERROR;
				CLANG_WARN_DOCUMENTATION_COMMENTS = YES;
				CLANG_WARN_EMPTY_BODY = YES;
				CLANG_WARN_ENUM_CONVERSION = YES;
				CLANG_WARN_INFINITE_RECURSION = YES;
				CLANG_WARN_INT_CONVERSION = YES;
				CLANG_WARN_NON_LITERAL_NULL_CONVERSION = YES;
				CLANG_WARN_OBJC_IMPLICIT_RETAIN_SELF = YES;
				CLANG_WARN_OBJC_LITERAL_CONVERSION = YES;
				CLANG_WARN_OBJC_ROOT_CLASS = YES_ERROR;
				CLANG_WARN_QUOTED_INCLUDE_IN_FRAMEWORK_HEADER = YES;
				CLANG_WARN_RANGE_LOOP_ANALYSIS = YES;
				CLANG_WARN_STRICT_PROTOTYPES = YES;
				CLANG_WARN_SUSPICIOUS_MOVE = YES;
				CLANG_WARN_UNGUARDED_AVAILABILITY = YES_AGGRESSIVE;
				CLANG_WARN_UNREACHABLE_CODE = YES;
				CLANG_WARN__DUPLICATE_METHOD_MATCH = YES;
				COPY_PHASE_STRIP = NO;
				DEBUG_INFORMATION_FORMAT = "dwarf-with-dsym";
				ENABLE_NS_ASSERTIONS = NO;
				ENABLE_STRICT_OBJC_MSGSEND = YES;
				GCC_C_LANGUAGE_STANDARD = gnu11;
				GCC_NO_COMMON_BLOCKS = YES;
				GCC_WARN_64_TO_32_BIT_CONVERSION = YES;
				GCC_WARN_ABOUT_RETURN_TYPE = YES_ERROR;
				GCC_WARN_UNDECLARED_SELECTOR = YES;
				GCC_WARN_UNINITIALIZED_AUTOS = YES_AGGRESSIVE;
				GCC_WARN_UNUSED_FUNCTION = YES;
				GCC_WARN_UNUSED_VARIABLE = YES;
				IPHONEOS_DEPLOYMENT_TARGET = 16.4;
				MTL_ENABLE_DEBUG_INFO = NO;
				MTL_FAST_MATH = YES;
				SDKROOT = iphoneos;
				SWIFT_COMPILATION_MODE = wholemodule;
				SWIFT_OPTIMIZATION_LEVEL = "-O";
				VALIDATE_PRODUCT = YES;
			};
			name = Release;
		};
		3B96F43C2A89518400486E91 /* Debug */ = {
			isa = XCBuildConfiguration;
			buildSettings = {
				ASSETCATALOG_COMPILER_APPICON_NAME = AppIcon;
				ASSETCATALOG_COMPILER_GLOBAL_ACCENT_COLOR_NAME = AccentColor;
				CODE_SIGN_STYLE = Automatic;
				CURRENT_PROJECT_VERSION = 1;
				DEVELOPMENT_ASSET_PATHS = "\"MovieBookSwiftUI/Preview Content\"";
				ENABLE_PREVIEWS = YES;
				GENERATE_INFOPLIST_FILE = YES;
				INFOPLIST_KEY_UIApplicationSceneManifest_Generation = YES;
				INFOPLIST_KEY_UIApplicationSupportsIndirectInputEvents = YES;
				INFOPLIST_KEY_UILaunchScreen_Generation = YES;
				INFOPLIST_KEY_UISupportedInterfaceOrientations_iPad = "UIInterfaceOrientationPortrait UIInterfaceOrientationPortraitUpsideDown UIInterfaceOrientationLandscapeLeft UIInterfaceOrientationLandscapeRight";
				INFOPLIST_KEY_UISupportedInterfaceOrientations_iPhone = "UIInterfaceOrientationPortrait UIInterfaceOrientationLandscapeLeft UIInterfaceOrientationLandscapeRight";
				LD_RUNPATH_SEARCH_PATHS = (
					"$(inherited)",
					"@executable_path/Frameworks",
				);
				MARKETING_VERSION = 1.0;
				PRODUCT_BUNDLE_IDENTIFIER = com.olympos.MovieBookSwiftUI;
				PRODUCT_NAME = "$(TARGET_NAME)";
				SWIFT_EMIT_LOC_STRINGS = YES;
				SWIFT_VERSION = 5.0;
				TARGETED_DEVICE_FAMILY = "1,2";
			};
			name = Debug;
		};
		3B96F43D2A89518400486E91 /* Release */ = {
			isa = XCBuildConfiguration;
			buildSettings = {
				ASSETCATALOG_COMPILER_APPICON_NAME = AppIcon;
				ASSETCATALOG_COMPILER_GLOBAL_ACCENT_COLOR_NAME = AccentColor;
				CODE_SIGN_STYLE = Automatic;
				CURRENT_PROJECT_VERSION = 1;
				DEVELOPMENT_ASSET_PATHS = "\"MovieBookSwiftUI/Preview Content\"";
				ENABLE_PREVIEWS = YES;
				GENERATE_INFOPLIST_FILE = YES;
				INFOPLIST_KEY_UIApplicationSceneManifest_Generation = YES;
				INFOPLIST_KEY_UIApplicationSupportsIndirectInputEvents = YES;
				INFOPLIST_KEY_UILaunchScreen_Generation = YES;
				INFOPLIST_KEY_UISupportedInterfaceOrientations_iPad = "UIInterfaceOrientationPortrait UIInterfaceOrientationPortraitUpsideDown UIInterfaceOrientationLandscapeLeft UIInterfaceOrientationLandscapeRight";
				INFOPLIST_KEY_UISupportedInterfaceOrientations_iPhone = "UIInterfaceOrientationPortrait UIInterfaceOrientationLandscapeLeft UIInterfaceOrientationLandscapeRight";
				LD_RUNPATH_SEARCH_PATHS = (
					"$(inherited)",
					"@executable_path/Frameworks",
				);
				MARKETING_VERSION = 1.0;
				PRODUCT_BUNDLE_IDENTIFIER = com.olympos.MovieBookSwiftUI;
				PRODUCT_NAME = "$(TARGET_NAME)";
				SWIFT_EMIT_LOC_STRINGS = YES;
				SWIFT_VERSION = 5.0;
				TARGETED_DEVICE_FAMILY = "1,2";
			};
			name = Release;
		};
/* End XCBuildConfiguration section */

/* Begin XCConfigurationList section */
		3B96F4282A89518200486E91 /* Build configuration list for PBXProject "MovieBookSwiftUI" */ = {
			isa = XCConfigurationList;
			buildConfigurations = (
				3B96F4392A89518400486E91 /* Debug */,
				3B96F43A2A89518400486E91 /* Release */,
			);
			defaultConfigurationIsVisible = 0;
			defaultConfigurationName = Release;
		};
		3B96F43B2A89518400486E91 /* Build configuration list for PBXNativeTarget "MovieBookSwiftUI" */ = {
			isa = XCConfigurationList;
			buildConfigurations = (
				3B96F43C2A89518400486E91 /* Debug */,
				3B96F43D2A89518400486E91 /* Release */,
			);
			defaultConfigurationIsVisible = 0;
			defaultConfigurationName = Release;
		};
/* End XCConfigurationList section */
	};
	rootObject = 3B96F4252A89518200486E91 /* Project object */;
}
